
Microsoft Visual Studio Solution File, Format Version 12.00
# Visual Studio Version 17
VisualStudioVersion = 17.0.32126.317
MinimumVisualStudioVersion = 10.0.40219.1
Project("{FAE04EC0-301F-11D3-BF4B-00C04F79EFBC}") = "WinFormsApp1", "WinFormsApp1.csproj", "{A47D64C9-3E89-4D93-83B4-33CC6653D999}"
EndProject
Global
	GlobalSection(SolutionConfigurationPlatforms) = preSolution
		Debug|Any CPU = Debug|Any CPU
		Release|Any CPU = Release|Any CPU
	EndGlobalSection
	GlobalSection(ProjectConfigurationPlatforms) = postSolution
		{A47D64C9-3E89-4D93-83B4-33CC6653D999}.Debug|Any CPU.ActiveCfg = Debug|Any CPU
		{A47D64C9-3E89-4D93-83B4-33CC6653D999}.Debug|Any CPU.Build.0 = Debug|Any CPU
		{A47D64C9-3E89-4D93-83B4-33CC6653D999}.Release|Any CPU.ActiveCfg = Release|Any CPU
		{A47D64C9-3E89-4D93-83B4-33CC6653D999}.Release|Any CPU.Build.0 = Release|Any CPU
	EndGlobalSection
	GlobalSection(SolutionProperties) = preSolution
		HideSolutionNode = FALSE
	EndGlobalSection
	GlobalSection(ExtensibilityGlobals) = postSolution
		SolutionGuid = {BA9131F3-2165-4967-977F-F62BF6C0D857}
	EndGlobalSection
EndGlobal
